
Microsoft Visual Studio Solution File, Format Version 12.00
# Visual Studio 15
VisualStudioVersion = 15.0.27703.2035
MinimumVisualStudioVersion = 10.0.40219.1
Project("{FAE04EC0-301F-11D3-BF4B-00C04F79EFBC}") = "HiFramework", "HiFramework\HiFramework.csproj", "{F50D5E25-AD36-4B6B-8CFD-F2BCE6D84AEB}"
EndProject
Global
	GlobalSection(SolutionConfigurationPlatforms) = preSolution
		Debug|Any CPU = Debug|Any CPU
		Release|Any CPU = Release|Any CPU
	EndGlobalSection
	GlobalSection(ProjectConfigurationPlatforms) = postSolution
		{F50D5E25-AD36-4B6B-8CFD-F2BCE6D84AEB}.Debug|Any CPU.ActiveCfg = Debug|Any CPU
		{F50D5E25-AD36-4B6B-8CFD-F2BCE6D84AEB}.Debug|Any CPU.Build.0 = Debug|Any CPU
		{F50D5E25-AD36-4B6B-8CFD-F2BCE6D84AEB}.Release|Any CPU.ActiveCfg = Release|Any CPU
		{F50D5E25-AD36-4B6B-8CFD-F2BCE6D84AEB}.Release|Any CPU.Build.0 = Release|Any CPU
	EndGlobalSection
	GlobalSection(SolutionProperties) = preSolution
		HideSolutionNode = FALSE
	EndGlobalSection
	GlobalSection(ExtensibilityGlobals) = postSolution
		SolutionGuid = {199D12AA-8863-4D9A-8D77-883FA9CBB9C9}
	EndGlobalSection
EndGlobal
